{
  "nodes": {
    "cachix": {
      "locked": {
        "lastModified": 1635350005,
        "narHash": "sha256-tAMJnUwfaDEB2aa31jGcu7R7bzGELM9noc91L2PbVjg=",
        "owner": "nixos",
        "repo": "nixpkgs",
        "rev": "1c1f5649bb9c1b0d98637c8c365228f57126f361",
        "type": "github"
      },
      "original": {
        "owner": "nixos",
        "ref": "nixos-20.09",
        "repo": "nixpkgs",
        "type": "github"
      }
    },
    "firefox": {
      "inputs": {
        "cachix": "cachix",
        "flake-compat": "flake-compat",
        "lib-aggregate": "lib-aggregate",
        "mozilla": "mozilla",
        "nixpkgs": [
          "nixpkgs"
        ]
      },
      "locked": {
        "lastModified": 1740573223,
        "narHash": "sha256-OVysWIAwSvjCabd5F3QAyNXjU7bcNQ/zNve6YS5mZh4=",
        "owner": "nix-community",
        "repo": "flake-firefox-nightly",
        "rev": "3391372604cd3def19e6df88a51f1882aabcd59f",
        "type": "github"
      },
      "original": {
        "owner": "nix-community",
        "repo": "flake-firefox-nightly",
        "type": "github"
      }
    },
    "flake-compat": {
      "locked": {
        "lastModified": 1717312683,
        "narHash": "sha256-FrlieJH50AuvagamEvWMIE6D2OAnERuDboFDYAED/dE=",
        "owner": "nix-community",
        "repo": "flake-compat",
        "rev": "38fd3954cf65ce6faf3d0d45cd26059e059f07ea",
        "type": "github"
      },
      "original": {
        "owner": "nix-community",
        "repo": "flake-compat",
        "type": "github"
      }
    },
    "flake-parts": {
      "inputs": {
        "nixpkgs-lib": [
          "nur",
          "nixpkgs"
        ]
      },
      "locked": {
        "lastModified": 1733312601,
        "narHash": "sha256-4pDvzqnegAfRkPwO3wmwBhVi/Sye1mzps0zHWYnP88c=",
        "owner": "hercules-ci",
        "repo": "flake-parts",
        "rev": "205b12d8b7cd4802fbcb8e8ef6a0f1408781a4f9",
        "type": "github"
      },
      "original": {
        "owner": "hercules-ci",
        "repo": "flake-parts",
        "type": "github"
      }
    },
    "flake-parts_2": {
      "inputs": {
        "nixpkgs-lib": "nixpkgs-lib_2"
      },
      "locked": {
        "lastModified": 1738453229,
        "narHash": "sha256-7H9XgNiGLKN1G1CgRh0vUL4AheZSYzPm+zmZ7vxbJdo=",
        "owner": "hercules-ci",
        "repo": "flake-parts",
        "rev": "32ea77a06711b758da0ad9bd6a844c5740a87abd",
        "type": "github"
      },
      "original": {
        "owner": "hercules-ci",
        "repo": "flake-parts",
        "type": "github"
      }
    },
    "flake-utils": {
      "inputs": {
        "systems": "systems"
      },
      "locked": {
        "lastModified": 1731533236,
        "narHash": "sha256-l0KFg5HjrsfsO/JpG+r7fRrqm12kzFHyUHqHCVpMMbI=",
        "owner": "numtide",
        "repo": "flake-utils",
        "rev": "11707dc2f618dd54ca8739b309ec4fc024de578b",
        "type": "github"
      },
      "original": {
        "owner": "numtide",
        "repo": "flake-utils",
        "type": "github"
      }
    },
    "flake-utils_2": {
      "inputs": {
        "systems": "systems_2"
      },
      "locked": {
        "lastModified": 1731533236,
        "narHash": "sha256-l0KFg5HjrsfsO/JpG+r7fRrqm12kzFHyUHqHCVpMMbI=",
        "owner": "numtide",
        "repo": "flake-utils",
        "rev": "11707dc2f618dd54ca8739b309ec4fc024de578b",
        "type": "github"
      },
      "original": {
        "owner": "numtide",
        "repo": "flake-utils",
        "type": "github"
      }
    },
    "home-manager": {
      "inputs": {
        "nixpkgs": [
          "nixpkgs"
        ]
      },
      "locked": {
        "lastModified": 1740679976,
        "narHash": "sha256-6U/zvgtcGJqpOTKsIgf+mRO7/djwV07ImU/t0nZBix8=",
        "owner": "nix-community",
        "repo": "home-manager",
        "rev": "343646e092696d94b6f22b6875ae685756fd4cf0",
        "type": "github"
      },
      "original": {
        "owner": "nix-community",
        "repo": "home-manager",
        "type": "github"
      }
    },
    "lib-aggregate": {
      "inputs": {
        "flake-utils": "flake-utils",
        "nixpkgs-lib": "nixpkgs-lib"
      },
      "locked": {
        "lastModified": 1740312740,
        "narHash": "sha256-z3M+zR18jGF1IIJ7Fp9LVOkEIUBhtY+65TSNq/DbgzQ=",
        "owner": "nix-community",
        "repo": "lib-aggregate",
        "rev": "1229db6582e2ee6337d6fbc4c3c59f2ef0b6d481",
        "type": "github"
      },
      "original": {
        "owner": "nix-community",
        "repo": "lib-aggregate",
        "type": "github"
      }
    },
    "mnw": {
      "locked": {
        "lastModified": 1738852285,
        "narHash": "sha256-8Y1uyE6gGHxdU0Vcx2CMg/dAmDSxJw19aAl3TKbbo54=",
        "owner": "Gerg-L",
        "repo": "mnw",
        "rev": "6ae73dc9cb72cea17bcc2e3d4670825f483e80e8",
        "type": "github"
      },
      "original": {
        "owner": "Gerg-L",
        "repo": "mnw",
        "type": "github"
      }
    },
    "mozilla": {
      "flake": false,
      "locked": {
        "lastModified": 1736765918,
        "narHash": "sha256-oh7GSCjBGHpxaU8/gejT55mlvI3qoKObXgqyn1XR7SA=",
        "owner": "mozilla",
        "repo": "nixpkgs-mozilla",
        "rev": "534ee26d3dbcbb9da3766c556638b9bcc3627871",
        "type": "github"
      },
      "original": {
        "owner": "mozilla",
        "repo": "nixpkgs-mozilla",
        "type": "github"
      }
    },
    "nil": {
      "inputs": {
        "flake-utils": [
          "nvf",
          "flake-utils"
        ],
        "nixpkgs": [
          "nvf",
          "nixpkgs"
        ],
        "rust-overlay": "rust-overlay"
      },
      "locked": {
        "lastModified": 1732053863,
        "narHash": "sha256-DCIVdlb81Fct2uwzbtnawLBC/U03U2hqx8trqTJB7WA=",
        "owner": "oxalica",
        "repo": "nil",
        "rev": "2e24c9834e3bb5aa2a3701d3713b43a6fb106362",
        "type": "github"
      },
      "original": {
        "owner": "oxalica",
        "repo": "nil",
        "type": "github"
      }
    },
    "nixpkgs": {
      "locked": {
        "lastModified": 1740560979,
        "narHash": "sha256-Vr3Qi346M+8CjedtbyUevIGDZW8LcA1fTG0ugPY/Hic=",
        "owner": "nixos",
        "repo": "nixpkgs",
        "rev": "5135c59491985879812717f4c9fea69604e7f26f",
        "type": "github"
      },
      "original": {
        "owner": "nixos",
        "ref": "nixos-unstable",
        "repo": "nixpkgs",
        "type": "github"
      }
    },
    "nixpkgs-lib": {
      "locked": {
        "lastModified": 1740272720,
        "narHash": "sha256-oiwv/ZK/2FhGxrCkQkB83i7GnWXPPLzoqFHpDD3uYpk=",
        "owner": "nix-community",
        "repo": "nixpkgs.lib",
        "rev": "3d8ac19b63cf9d8305eed7301e4e83ff4ce9f495",
        "type": "github"
      },
      "original": {
        "owner": "nix-community",
        "repo": "nixpkgs.lib",
        "type": "github"
      }
    },
    "nixpkgs-lib_2": {
      "locked": {
        "lastModified": 1738452942,
        "narHash": "sha256-vJzFZGaCpnmo7I6i416HaBLpC+hvcURh/BQwROcGIp8=",
        "type": "tarball",
        "url": "https://github.com/NixOS/nixpkgs/archive/072a6db25e947df2f31aab9eccd0ab75d5b2da11.tar.gz"
      },
      "original": {
        "type": "tarball",
        "url": "https://github.com/NixOS/nixpkgs/archive/072a6db25e947df2f31aab9eccd0ab75d5b2da11.tar.gz"
      }
    },
    "nmd": {
      "flake": false,
      "locked": {
        "lastModified": 1705050560,
        "narHash": "sha256-x3zzcdvhJpodsmdjqB4t5mkVW22V3wqHLOun0KRBzUI=",
        "owner": "~rycee",
        "repo": "nmd",
        "rev": "66d9334933119c36f91a78d565c152a4fdc8d3d3",
        "type": "sourcehut"
      },
      "original": {
        "owner": "~rycee",
        "repo": "nmd",
        "type": "sourcehut"
      }
    },
    "nur": {
      "inputs": {
        "flake-parts": "flake-parts",
        "nixpkgs": [
          "nixpkgs"
        ],
        "treefmt-nix": "treefmt-nix"
      },
      "locked": {
        "lastModified": 1740690013,
        "narHash": "sha256-8gNHYOnTQt0dcV/BcyHeT/iJ2cFhvwfWr92W5M3PYNM=",
        "owner": "nix-community",
        "repo": "nur",
        "rev": "6fa38b808fa0ad1f137cc2a3b99ad7388ecfca64",
        "type": "github"
      },
      "original": {
        "owner": "nix-community",
        "repo": "nur",
        "type": "github"
      }
    },
    "nvf": {
      "inputs": {
        "flake-parts": "flake-parts_2",
        "flake-utils": "flake-utils_2",
        "mnw": "mnw",
        "nil": "nil",
        "nixpkgs": [
          "nixpkgs"
        ],
        "nmd": "nmd",
        "systems": "systems_3"
      },
      "locked": {
        "lastModified": 1740659022,
        "narHash": "sha256-eUbuxeOQFKZln1ctHDgJDyRzvEK8XkjG6pMVkONQEBA=",
        "owner": "notashelf",
        "repo": "nvf",
        "rev": "7e53fc47243448fdd01adf2a5b780831853c5dca",
        "type": "github"
      },
      "original": {
        "owner": "notashelf",
        "repo": "nvf",
        "type": "github"
      }
    },
    "programs-sqlite": {
      "inputs": {
        "nixpkgs": [
          "nixpkgs"
        ],
        "utils": "utils"
      },
      "locked": {
        "lastModified": 1740654916,
        "narHash": "sha256-8Z2cmApz34/WkO8Y1hZ76J2WE+aM7ojyMrQrL5WpM68=",
        "owner": "wamserma",
        "repo": "flake-programs-sqlite",
        "rev": "69a02c4b4096e213cb0c136ea22c6362c42ceb5e",
        "type": "github"
      },
      "original": {
        "owner": "wamserma",
        "repo": "flake-programs-sqlite",
        "type": "github"
      }
    },
    "root": {
      "inputs": {
        "firefox": "firefox",
        "home-manager": "home-manager",
        "nixpkgs": "nixpkgs",
        "nur": "nur",
        "nvf": "nvf",
        "programs-sqlite": "programs-sqlite",
        "treefmt-nix": "treefmt-nix_2"
      }
    },
    "rust-overlay": {
      "inputs": {
        "nixpkgs": [
          "nvf",
          "nil",
          "nixpkgs"
        ]
      },
      "locked": {
        "lastModified": 1731983527,
        "narHash": "sha256-JECaBgC0pQ91Hq3W4unH6K9to8s2Zl2sPNu7bLOv4ek=",
        "owner": "oxalica",
        "repo": "rust-overlay",
        "rev": "71287228d96e9568e1e70c6bbfa3f992d145947b",
        "type": "github"
      },
      "original": {
        "owner": "oxalica",
        "repo": "rust-overlay",
        "type": "github"
      }
    },
    "systems": {
      "locked": {
        "lastModified": 1681028828,
        "narHash": "sha256-Vy1rq5AaRuLzOxct8nz4T6wlgyUR7zLU309k9mBC768=",
        "owner": "nix-systems",
        "repo": "default",
        "rev": "da67096a3b9bf56a91d16901293e51ba5b49a27e",
        "type": "github"
      },
      "original": {
        "owner": "nix-systems",
        "repo": "default",
        "type": "github"
      }
    },
    "systems_2": {
      "locked": {
        "lastModified": 1681028828,
        "narHash": "sha256-Vy1rq5AaRuLzOxct8nz4T6wlgyUR7zLU309k9mBC768=",
        "owner": "nix-systems",
        "repo": "default",
        "rev": "da67096a3b9bf56a91d16901293e51ba5b49a27e",
        "type": "github"
      },
      "original": {
        "owner": "nix-systems",
        "repo": "default",
        "type": "github"
      }
    },
    "systems_3": {
      "locked": {
        "lastModified": 1681028828,
        "narHash": "sha256-Vy1rq5AaRuLzOxct8nz4T6wlgyUR7zLU309k9mBC768=",
        "owner": "nix-systems",
        "repo": "default",
        "rev": "da67096a3b9bf56a91d16901293e51ba5b49a27e",
        "type": "github"
      },
      "original": {
        "owner": "nix-systems",
        "repo": "default",
        "type": "github"
      }
    },
    "treefmt-nix": {
      "inputs": {
        "nixpkgs": [
          "nur",
          "nixpkgs"
        ]
      },
      "locked": {
        "lastModified": 1733222881,
        "narHash": "sha256-JIPcz1PrpXUCbaccEnrcUS8jjEb/1vJbZz5KkobyFdM=",
        "owner": "numtide",
        "repo": "treefmt-nix",
        "rev": "49717b5af6f80172275d47a418c9719a31a78b53",
        "type": "github"
      },
      "original": {
        "owner": "numtide",
        "repo": "treefmt-nix",
        "type": "github"
      }
    },
    "treefmt-nix_2": {
      "inputs": {
        "nixpkgs": [
          "nixpkgs"
        ]
      },
      "locked": {
        "lastModified": 1739829690,
        "narHash": "sha256-mL1szCeIsjh6Khn3nH2cYtwO5YXG6gBiTw1A30iGeDU=",
        "owner": "numtide",
        "repo": "treefmt-nix",
        "rev": "3d0579f5cc93436052d94b73925b48973a104204",
        "type": "github"
      },
      "original": {
        "owner": "numtide",
        "repo": "treefmt-nix",
        "type": "github"
      }
    },
    "utils": {
      "locked": {
        "lastModified": 1678901627,
        "narHash": "sha256-U02riOqrKKzwjsxc/400XnElV+UtPUQWpANPlyazjH0=",
        "owner": "numtide",
        "repo": "flake-utils",
        "rev": "93a2b84fc4b70d9e089d029deacc3583435c2ed6",
        "type": "github"
      },
      "original": {
        "owner": "numtide",
        "repo": "flake-utils",
        "type": "github"
      }
    }
  },
  "root": "root",
  "version": 7
}
